
Microsoft Visual Studio Solution File, Format Version 12.00
# Visual Studio Version 17
VisualStudioVersion = 17.7.34202.233
MinimumVisualStudioVersion = 10.0.40219.1
Project("{FAE04EC0-301F-11D3-BF4B-00C04F79EFBC}") = "WindowsFormsApp1", "WindowsFormsApp1.csproj", "{77DF2668-A76B-4AC5-AAD0-D247D61BC197}"
EndProject
Global
	GlobalSection(SolutionConfigurationPlatforms) = preSolution
		Debug|Any CPU = Debug|Any CPU
		Release|Any CPU = Release|Any CPU
	EndGlobalSection
	GlobalSection(ProjectConfigurationPlatforms) = postSolution
		{77DF2668-A76B-4AC5-AAD0-D247D61BC197}.Debug|Any CPU.ActiveCfg = Debug|Any CPU
		{77DF2668-A76B-4AC5-AAD0-D247D61BC197}.Debug|Any CPU.Build.0 = Debug|Any CPU
		{77DF2668-A76B-4AC5-AAD0-D247D61BC197}.Release|Any CPU.ActiveCfg = Release|Any CPU
		{77DF2668-A76B-4AC5-AAD0-D247D61BC197}.Release|Any CPU.Build.0 = Release|Any CPU
	EndGlobalSection
	GlobalSection(SolutionProperties) = preSolution
		HideSolutionNode = FALSE
	EndGlobalSection
	GlobalSection(ExtensibilityGlobals) = postSolution
		SolutionGuid = {B1101341-6478-4A00-988F-1C15B929145D}
	EndGlobalSection
EndGlobal
